
Microsoft Visual Studio Solution File, Format Version 11.00
# Visual Studio 2010
Project("{8BC9CEB8-8B4A-11D0-8D11-00A0C91BC942}") = "GA", "antsolver.vcxproj", "{A1D9370B-F6C5-4A62-861B-85F43E1D043D}"
EndProject
Global
	GlobalSection(SolutionConfigurationPlatforms) = preSolution
		Debug|test = Debug|test
		Debug|Win32 = Debug|Win32
		Debug|x64 = Debug|x64
		Release|test = Release|test
		Release|Win32 = Release|Win32
		Release|x64 = Release|x64
		test|test = test|test
		test|Win32 = test|Win32
		test|x64 = test|x64
	EndGlobalSection
	GlobalSection(ProjectConfigurationPlatforms) = postSolution
		{A1D9370B-F6C5-4A62-861B-85F43E1D043D}.Debug|test.ActiveCfg = Debug|x64
		{A1D9370B-F6C5-4A62-861B-85F43E1D043D}.Debug|test.Build.0 = Debug|x64
		{A1D9370B-F6C5-4A62-861B-85F43E1D043D}.Debug|Win32.ActiveCfg = Debug|Win32
		{A1D9370B-F6C5-4A62-861B-85F43E1D043D}.Debug|Win32.Build.0 = Debug|Win32
		{A1D9370B-F6C5-4A62-861B-85F43E1D043D}.Debug|x64.ActiveCfg = Debug|x64
		{A1D9370B-F6C5-4A62-861B-85F43E1D043D}.Debug|x64.Build.0 = Debug|x64
		{A1D9370B-F6C5-4A62-861B-85F43E1D043D}.Release|test.ActiveCfg = Release|x64
		{A1D9370B-F6C5-4A62-861B-85F43E1D043D}.Release|test.Build.0 = Release|x64
		{A1D9370B-F6C5-4A62-861B-85F43E1D043D}.Release|Win32.ActiveCfg = Release|Win32
		{A1D9370B-F6C5-4A62-861B-85F43E1D043D}.Release|Win32.Build.0 = Release|Win32
		{A1D9370B-F6C5-4A62-861B-85F43E1D043D}.Release|x64.ActiveCfg = Release|x64
		{A1D9370B-F6C5-4A62-861B-85F43E1D043D}.Release|x64.Build.0 = Release|x64
		{A1D9370B-F6C5-4A62-861B-85F43E1D043D}.test|test.ActiveCfg = Release|x64
		{A1D9370B-F6C5-4A62-861B-85F43E1D043D}.test|test.Build.0 = Release|x64
		{A1D9370B-F6C5-4A62-861B-85F43E1D043D}.test|Win32.ActiveCfg = test|Win32
		{A1D9370B-F6C5-4A62-861B-85F43E1D043D}.test|Win32.Build.0 = test|Win32
		{A1D9370B-F6C5-4A62-861B-85F43E1D043D}.test|x64.ActiveCfg = test|x64
		{A1D9370B-F6C5-4A62-861B-85F43E1D043D}.test|x64.Build.0 = test|x64
	EndGlobalSection
	GlobalSection(SolutionProperties) = preSolution
		HideSolutionNode = FALSE
	EndGlobalSection
EndGlobal
